<?xml version="1.0" encoding="utf-8"?>
<Project ToolsVersion="4.0" xmlns="http://schemas.microsoft.com/developer/msbuild/2003">
  <ItemGroup>
    <Filter Include="Source Files">
      <UniqueIdentifier>{4FC737F1-C7A5-4376-A066-2A32D752A2FF}</UniqueIdentifier>
      <Extensions>cpp;c;cc;cxx;def;odl;idl;hpj;bat;asm;asmx</Extensions>
    </Filter>
    <Filter Include="Header Files">
      <UniqueIdentifier>{93995380-89BD-4b04-88EB-625FBE52EBFB}</UniqueIdentifier>
      <Extensions>h;hh;hpp;hxx;hm;inl;inc;xsd</Extensions>
    </Filter>
    <Filter Include="Resource Files">
      <UniqueIdentifier>{67DA6AB6-F800-4c08-8B7A-83BB121AAD01}</UniqueIdentifier>
      <Extensions>rc;ico;cur;bmp;dlg;rc2;rct;bin;rgs;gif;jpg;jpeg;jpe;resx;tiff;tif;png;wav;mfcribbon-ms</Extensions>
    </Filter>
    <Filter Include="Header Files\components">
      <UniqueIdentifier>{4b32610f-43f7-444f-b45c-2f3bfe75dc59}</UniqueIdentifier>
    </Filter>
    <Filter Include="Source Files\components">
      <UniqueIdentifier>{2425b967-03c5-4947-8275-f415fe159a80}</UniqueIdentifier>
    </Filter>
  </ItemGroup>
  <ItemGroup>
    <ClCompile Include="xevious.cpp">
      <Filter>Source Files</Filter>
    </ClCompile>
    <ClCompile Include="avancezlib.cpp">
      <Filter>Source Files</Filter>
    </ClCompile>
    <ClCompile Include="player.cpp">
      <Filter>Source Files</Filter>
    </ClCompile>
    <ClCompile Include="world.cpp">
      <Filter>Source Files</Filter>
    </ClCompile>
    <ClCompile Include="gameObject.cpp">
      <Filter>Source Files</Filter>
    </ClCompile>
    <ClCompile Include="enemy.cpp">
      <Filter>Source Files</Filter>
    </ClCompile>
    <ClCompile Include="rocket.cpp">
      <Filter>Source Files</Filter>
    </ClCompile>
    <ClCompile Include="levelSpawner.cpp">
      <Filter>Source Files</Filter>
    </ClCompile>
    <ClCompile Include="menuScreen.cpp">
      <Filter>Source Files</Filter>
    </ClCompile>
    <ClCompile Include="soundSystem.cpp">
      <Filter>Source Files</Filter>
    </ClCompile>
    <ClCompile Include="scoreHandler.cpp">
      <Filter>Source Files</Filter>
    </ClCompile>
    <ClCompile Include="item.cpp">
      <Filter>Source Files</Filter>
    </ClCompile>
    <ClCompile Include="basicGraphicComponent.cpp">
      <Filter>Source Files\components</Filter>
    </ClCompile>
    <ClCompile Include="enemyBehaviorComponent.cpp">
      <Filter>Source Files\components</Filter>
    </ClCompile>
    <ClCompile Include="enemyGraphicComponent.cpp">
      <Filter>Source Files\components</Filter>
    </ClCompile>
    <ClCompile Include="enemyRocketBehaviourComponent.cpp">
      <Filter>Source Files\components</Filter>
    </ClCompile>
    <ClCompile Include="itemBehaviourComponent.cpp">
      <Filter>Source Files\components</Filter>
    </ClCompile>
    <ClCompile Include="itemGraphicComponent.cpp">
      <Filter>Source Files\components</Filter>
    </ClCompile>
    <ClCompile Include="lifeBarComponent.cpp">
      <Filter>Source Files\components</Filter>
    </ClCompile>
    <ClCompile Include="playerBehaviourComponent.cpp">
      <Filter>Source Files\components</Filter>
    </ClCompile>
    <ClCompile Include="playerGraphicComponent.cpp">
      <Filter>Source Files\components</Filter>
    </ClCompile>
    <ClCompile Include="playerOneInputComponent.cpp">
      <Filter>Source Files\components</Filter>
    </ClCompile>
    <ClCompile Include="playerRocketBehaviourComponent.cpp">
      <Filter>Source Files\components</Filter>
    </ClCompile>
  </ItemGroup>
  <ItemGroup>
    <ClInclude Include="avancezlib.h">
      <Filter>Header Files</Filter>
    </ClInclude>
    <ClInclude Include="player.h">
      <Filter>Header Files</Filter>
    </ClInclude>
    <ClInclude Include="resource.h">
      <Filter>Header Files</Filter>
    </ClInclude>
    <ClInclude Include="rocket.h">
      <Filter>Header Files</Filter>
    </ClInclude>
    <ClInclude Include="world.h">
      <Filter>Header Files</Filter>
    </ClInclude>
    <ClInclude Include="components.h">
      <Filter>Header Files\components</Filter>
    </ClInclude>
    <ClInclude Include="playerBehaviourComponent.h">
      <Filter>Header Files\components</Filter>
    </ClInclude>
    <ClInclude Include="playerGraphicComponent.h">
      <Filter>Header Files\components</Filter>
    </ClInclude>
    <ClInclude Include="gameObject.h">
      <Filter>Header Files</Filter>
    </ClInclude>
    <ClInclude Include="object_pool.h">
      <Filter>Header Files</Filter>
    </ClInclude>
    <ClInclude Include="playerOneInputComponent.h">
      <Filter>Header Files\components</Filter>
    </ClInclude>
    <ClInclude Include="enemy.h">
      <Filter>Header Files</Filter>
    </ClInclude>
    <ClInclude Include="enemyGraphicComponent.h">
      <Filter>Header Files\components</Filter>
    </ClInclude>
    <ClInclude Include="enemyRocketBehaviourComponent.h">
      <Filter>Header Files\components</Filter>
    </ClInclude>
    <ClInclude Include="playerRocketBehaviourComponent.h">
      <Filter>Header Files\components</Filter>
    </ClInclude>
    <ClInclude Include="SystemSpecifications.h">
      <Filter>Header Files</Filter>
    </ClInclude>
    <ClInclude Include="enemyBehaviorComponent.h">
      <Filter>Header Files\components</Filter>
    </ClInclude>
    <ClInclude Include="levelSpawner.h">
      <Filter>Header Files</Filter>
    </ClInclude>
    <ClInclude Include="lifeBarComponent.h">
      <Filter>Header Files\components</Filter>
    </ClInclude>
    <ClInclude Include="menuScreen.h">
      <Filter>Header Files</Filter>
    </ClInclude>
    <ClInclude Include="gameState.h">
      <Filter>Header Files</Filter>
    </ClInclude>
    <ClInclude Include="observer.h">
      <Filter>Header Files</Filter>
    </ClInclude>
    <ClInclude Include="soundSystem.h">
      <Filter>Header Files</Filter>
    </ClInclude>
    <ClInclude Include="scoreHandler.h">
      <Filter>Header Files</Filter>
    </ClInclude>
    <ClInclude Include="basicGraphicComponent.h">
      <Filter>Header Files\components</Filter>
    </ClInclude>
    <ClInclude Include="item.h">
      <Filter>Header Files</Filter>
    </ClInclude>
    <ClInclude Include="itemGraphicComponent.h">
      <Filter>Header Files\components</Filter>
    </ClInclude>
    <ClInclude Include="itemTypes.h">
      <Filter>Header Files\components</Filter>
    </ClInclude>
    <ClInclude Include="itemBehaviourComponent.h">
      <Filter>Header Files\components</Filter>
    </ClInclude>
  </ItemGroup>
  <ItemGroup>
    <Image Include="res\rocket.bmp">
      <Filter>Resource Files</Filter>
    </Image>
    <Image Include="res\bomb.bmp">
      <Filter>Resource Files</Filter>
    </Image>
    <Image Include="res\enemy_0.bmp">
      <Filter>Resource Files</Filter>
    </Image>
    <Image Include="res\enemy_1.bmp">
      <Filter>Resource Files</Filter>
    </Image>
    <Image Include="res\normandy.bmp">
      <Filter>Resource Files</Filter>
    </Image>
    <Image Include="res\normandy.png">
      <Filter>Resource Files</Filter>
    </Image>
    <Image Include="res\player.bmp">
      <Filter>Resource Files</Filter>
    </Image>
    <Image Include="res\player_front_fullspeed.png">
      <Filter>Resource Files</Filter>
    </Image>
    <Image Include="res\player_front_halfspeed.png">
      <Filter>Resource Files</Filter>
    </Image>
    <Image Include="res\player_front_nospeed.png">
      <Filter>Resource Files</Filter>
    </Image>
    <Image Include="res\player_left_fullspeed.png">
      <Filter>Resource Files</Filter>
    </Image>
    <Image Include="res\player_left_halfspeed.png">
      <Filter>Resource Files</Filter>
    </Image>
    <Image Include="res\player_left_nospeed.png">
      <Filter>Resource Files</Filter>
    </Image>
    <Image Include="res\player_right_fullspeed.png">
      <Filter>Resource Files</Filter>
    </Image>
    <Image Include="res\player_right_halfspeed.png">
      <Filter>Resource Files</Filter>
    </Image>
    <Image Include="res\player_right_nospeed.png">
      <Filter>Resource Files</Filter>
    </Image>
    <Image Include="res\rocket (1).bmp">
      <Filter>Resource Files</Filter>
    </Image>
  </ItemGroup>
</Project>